// !$*UTF8*$!
{
	archiveVersion = 1;
	classes = {
	};
	objectVersion = 46;
	objects = {

/* Begin PBXBuildFile section */
		6503186E1B71C015003C8B2F /* FallViewController.m in Sources */ = {isa = PBXBuildFile; fileRef = 6503186D1B71C015003C8B2F /* FallViewController.m */; };
		650318731B71E91D003C8B2F /* SettingViewController.m in Sources */ = {isa = PBXBuildFile; fileRef = 650318721B71E91D003C8B2F /* SettingViewController.m */; };
		6503187F1B72FBDB003C8B2F /* WallpaperViewController.m in Sources */ = {isa = PBXBuildFile; fileRef = 6503187E1B72FBDB003C8B2F /* WallpaperViewController.m */; };
		650318FD1B733735003C8B2F /* CycleViewController.m in Sources */ = {isa = PBXBuildFile; fileRef = 650318FC1B733735003C8B2F /* CycleViewController.m */; };
		650319001B7338B3003C8B2F /* CycleScrollView.m in Sources */ = {isa = PBXBuildFile; fileRef = 650318FF1B7338B3003C8B2F /* CycleScrollView.m */; };
		650319031B73399A003C8B2F /* NSTimer+Foundation.m in Sources */ = {isa = PBXBuildFile; fileRef = 650319021B73399A003C8B2F /* NSTimer+Foundation.m */; };
		6503191E1B7356E5003C8B2F /* CustomViewController.m in Sources */ = {isa = PBXBuildFile; fileRef = 6503191D1B7356E5003C8B2F /* CustomViewController.m */; };
		652973F31B9DAE990074A3F3 /* LeisureViewController.m in Sources */ = {isa = PBXBuildFile; fileRef = 652973F21B9DAE990074A3F3 /* LeisureViewController.m */; };
		652973F61B9DB1C70074A3F3 /* ReadViewController.m in Sources */ = {isa = PBXBuildFile; fileRef = 652973F51B9DB1C70074A3F3 /* ReadViewController.m */; };
		652973F91B9DB20A0074A3F3 /* ShoppingViewController.m in Sources */ = {isa = PBXBuildFile; fileRef = 652973F81B9DB20A0074A3F3 /* ShoppingViewController.m */; };
		652973FC1B9DB2280074A3F3 /* MovieViewController.m in Sources */ = {isa = PBXBuildFile; fileRef = 652973FB1B9DB2280074A3F3 /* MovieViewController.m */; };
		652974001B9EF3680074A3F3 /* ChatViewController.m in Sources */ = {isa = PBXBuildFile; fileRef = 652973FF1B9EF3680074A3F3 /* ChatViewController.m */; };
		6529740A1B9EF3CB0074A3F3 /* MessageModel.m in Sources */ = {isa = PBXBuildFile; fileRef = 652974021B9EF3CB0074A3F3 /* MessageModel.m */; };
		6529740B1B9EF3CB0074A3F3 /* MessageFrameModel.m in Sources */ = {isa = PBXBuildFile; fileRef = 652974041B9EF3CB0074A3F3 /* MessageFrameModel.m */; };
		6529740C1B9EF3CB0074A3F3 /* MessageCell.m in Sources */ = {isa = PBXBuildFile; fileRef = 652974071B9EF3CB0074A3F3 /* MessageCell.m */; };
		6529740D1B9EF3CB0074A3F3 /* UIImage+ResizImage.m in Sources */ = {isa = PBXBuildFile; fileRef = 652974091B9EF3CB0074A3F3 /* UIImage+ResizImage.m */; };
		652AB3A91B6B91B5009C3866 /* MeViewController.m in Sources */ = {isa = PBXBuildFile; fileRef = 652AB3A81B6B91B5009C3866 /* MeViewController.m */; };
		652AB3AC1B6B9788009C3866 /* ProfileViewController.m in Sources */ = {isa = PBXBuildFile; fileRef = 652AB3AB1B6B9788009C3866 /* ProfileViewController.m */; };
		652AB3AF1B6C8D02009C3866 /* EditProfileViewController.m in Sources */ = {isa = PBXBuildFile; fileRef = 652AB3AE1B6C8D02009C3866 /* EditProfileViewController.m */; };
		6541C77F1CAA9DDB0054DCF6 /* UIColor+Hash.m in Sources */ = {isa = PBXBuildFile; fileRef = 6541C77E1CAA9DDB0054DCF6 /* UIColor+Hash.m */; };
		65519AA41B689A000046D5CA /* SetColorViewController.m in Sources */ = {isa = PBXBuildFile; fileRef = 65519AA31B689A000046D5CA /* SetColorViewController.m */; };
		65519AE51B69CB5F0046D5CA /* Images.xcassets in Resources */ = {isa = PBXBuildFile; fileRef = 65519AE41B69CB5F0046D5CA /* Images.xcassets */; };
		656D16631B9EF98D00EBA799 /* messages.plist in Resources */ = {isa = PBXBuildFile; fileRef = 656D16621B9EF98D00EBA799 /* messages.plist */; };
		6573603B1B6F4DDE008C7E40 /* CollectionViewController.m in Sources */ = {isa = PBXBuildFile; fileRef = 6573603A1B6F4DDE008C7E40 /* CollectionViewController.m */; };
		6573608B1B7043FE008C7E40 /* CollectionViewCell.m in Sources */ = {isa = PBXBuildFile; fileRef = 657360891B7043FE008C7E40 /* CollectionViewCell.m */; };
		657361521B70764F008C7E40 /* colors_pantone.plist in Resources */ = {isa = PBXBuildFile; fileRef = 657361511B70764F008C7E40 /* colors_pantone.plist */; };
		65A844791B749BAE00DCF528 /* CollectViewController.m in Sources */ = {isa = PBXBuildFile; fileRef = 65A844781B749BAE00DCF528 /* CollectViewController.m */; };
		65DDE1FF1B678122001F322A /* DetailViewController.m in Sources */ = {isa = PBXBuildFile; fileRef = 65DDE1FE1B678122001F322A /* DetailViewController.m */; };
		65DDE2051B687C7B001F322A /* DetailViewController.xib in Resources */ = {isa = PBXBuildFile; fileRef = 65DDE2041B687C7B001F322A /* DetailViewController.xib */; };
		65F086F51B65F552000CBB4D /* main.m in Sources */ = {isa = PBXBuildFile; fileRef = 65F086F41B65F552000CBB4D /* main.m */; };
		65F086F81B65F552000CBB4D /* AppDelegate.m in Sources */ = {isa = PBXBuildFile; fileRef = 65F086F71B65F552000CBB4D /* AppDelegate.m */; };
		65F086FE1B65F552000CBB4D /* Main.storyboard in Resources */ = {isa = PBXBuildFile; fileRef = 65F086FC1B65F552000CBB4D /* Main.storyboard */; };
		65F087031B65F552000CBB4D /* LaunchScreen.xib in Resources */ = {isa = PBXBuildFile; fileRef = 65F087011B65F552000CBB4D /* LaunchScreen.xib */; };
		65F0870F1B65F553000CBB4D /* _______Tests.m in Sources */ = {isa = PBXBuildFile; fileRef = 65F0870E1B65F553000CBB4D /* _______Tests.m */; };
		65F087411B66154C000CBB4D /* MainViewController.m in Sources */ = {isa = PBXBuildFile; fileRef = 65F087401B66154C000CBB4D /* MainViewController.m */; };
		65F087441B662E8F000CBB4D /* AddNoteViewController.m in Sources */ = {isa = PBXBuildFile; fileRef = 65F087431B662E8F000CBB4D /* AddNoteViewController.m */; };
		65F087481B671BE4000CBB4D /* libz.dylib in Frameworks */ = {isa = PBXBuildFile; fileRef = 65F087471B671BE4000CBB4D /* libz.dylib */; };
		65F0874A1B671BFC000CBB4D /* CoreGraphics.framework in Frameworks */ = {isa = PBXBuildFile; fileRef = 65F087491B671BFC000CBB4D /* CoreGraphics.framework */; };
		65F0874C1B671C05000CBB4D /* Foundation.framework in Frameworks */ = {isa = PBXBuildFile; fileRef = 65F0874B1B671C05000CBB4D /* Foundation.framework */; };
		65F0874E1B671C0B000CBB4D /* UIKit.framework in Frameworks */ = {isa = PBXBuildFile; fileRef = 65F0874D1B671C0B000CBB4D /* UIKit.framework */; };
		65F087501B671C14000CBB4D /* QuartzCore.framework in Frameworks */ = {isa = PBXBuildFile; fileRef = 65F0874F1B671C14000CBB4D /* QuartzCore.framework */; };
		65F087521B671C1F000CBB4D /* SystemConfiguration.framework in Frameworks */ = {isa = PBXBuildFile; fileRef = 65F087511B671C1F000CBB4D /* SystemConfiguration.framework */; };
		65F087541B671C28000CBB4D /* AudioToolbox.framework in Frameworks */ = {isa = PBXBuildFile; fileRef = 65F087531B671C28000CBB4D /* AudioToolbox.framework */; };
		65F087561B671C31000CBB4D /* AddressBook.framework in Frameworks */ = {isa = PBXBuildFile; fileRef = 65F087551B671C31000CBB4D /* AddressBook.framework */; };
		65F087581B671C39000CBB4D /* AVFoundation.framework in Frameworks */ = {isa = PBXBuildFile; fileRef = 65F087571B671C39000CBB4D /* AVFoundation.framework */; };
		65F0875A1B671C49000CBB4D /* CoreLocation.framework in Frameworks */ = {isa = PBXBuildFile; fileRef = 65F087591B671C49000CBB4D /* CoreLocation.framework */; };
		65F0875C1B671C5D000CBB4D /* CoreTelephony.framework in Frameworks */ = {isa = PBXBuildFile; fileRef = 65F0875B1B671C5D000CBB4D /* CoreTelephony.framework */; };
		65F0875E1B671C7F000CBB4D /* iflyMSC.framework in Frameworks */ = {isa = PBXBuildFile; fileRef = 65F0875D1B671C7F000CBB4D /* iflyMSC.framework */; };
		65F087651B671F92000CBB4D /* PopupView.m in Sources */ = {isa = PBXBuildFile; fileRef = 65F087641B671F92000CBB4D /* PopupView.m */; };
/* End PBXBuildFile section */

/* Begin PBXContainerItemProxy section */
		65F087091B65F552000CBB4D /* PBXContainerItemProxy */ = {
			isa = PBXContainerItemProxy;
			containerPortal = 65F086E71B65F552000CBB4D /* Project object */;
			proxyType = 1;
			remoteGlobalIDString = 65F086EE1B65F552000CBB4D;
			remoteInfo = "语音识别备忘录";
		};
/* End PBXContainerItemProxy section */

/* Begin PBXFileReference section */
		6503186C1B71C015003C8B2F /* FallViewController.h */ = {isa = PBXFileReference; fileEncoding = 4; lastKnownFileType = sourcecode.c.h; path = FallViewController.h; sourceTree = "<group>"; };
		6503186D1B71C015003C8B2F /* FallViewController.m */ = {isa = PBXFileReference; fileEncoding = 4; lastKnownFileType = sourcecode.c.objc; path = FallViewController.m; sourceTree = "<group>"; };
		650318711B71E91D003C8B2F /* SettingViewController.h */ = {isa = PBXFileReference; fileEncoding = 4; lastKnownFileType = sourcecode.c.h; path = SettingViewController.h; sourceTree = "<group>"; };
		650318721B71E91D003C8B2F /* SettingViewController.m */ = {isa = PBXFileReference; fileEncoding = 4; lastKnownFileType = sourcecode.c.objc; path = SettingViewController.m; sourceTree = "<group>"; };
		6503187D1B72FBDB003C8B2F /* WallpaperViewController.h */ = {isa = PBXFileReference; fileEncoding = 4; lastKnownFileType = sourcecode.c.h; path = WallpaperViewController.h; sourceTree = "<group>"; };
		6503187E1B72FBDB003C8B2F /* WallpaperViewController.m */ = {isa = PBXFileReference; fileEncoding = 4; lastKnownFileType = sourcecode.c.objc; path = WallpaperViewController.m; sourceTree = "<group>"; };
		650318FB1B733735003C8B2F /* CycleViewController.h */ = {isa = PBXFileReference; fileEncoding = 4; lastKnownFileType = sourcecode.c.h; path = CycleViewController.h; sourceTree = "<group>"; };
		650318FC1B733735003C8B2F /* CycleViewController.m */ = {isa = PBXFileReference; fileEncoding = 4; lastKnownFileType = sourcecode.c.objc; path = CycleViewController.m; sourceTree = "<group>"; };
		650318FE1B7338B3003C8B2F /* CycleScrollView.h */ = {isa = PBXFileReference; fileEncoding = 4; lastKnownFileType = sourcecode.c.h; path = CycleScrollView.h; sourceTree = "<group>"; };
		650318FF1B7338B3003C8B2F /* CycleScrollView.m */ = {isa = PBXFileReference; fileEncoding = 4; lastKnownFileType = sourcecode.c.objc; path = CycleScrollView.m; sourceTree = "<group>"; };
		650319011B73399A003C8B2F /* NSTimer+Foundation.h */ = {isa = PBXFileReference; fileEncoding = 4; lastKnownFileType = sourcecode.c.h; path = "NSTimer+Foundation.h"; sourceTree = "<group>"; };
		650319021B73399A003C8B2F /* NSTimer+Foundation.m */ = {isa = PBXFileReference; fileEncoding = 4; lastKnownFileType = sourcecode.c.objc; path = "NSTimer+Foundation.m"; sourceTree = "<group>"; };
		6503191C1B7356E5003C8B2F /* CustomViewController.h */ = {isa = PBXFileReference; fileEncoding = 4; lastKnownFileType = sourcecode.c.h; path = CustomViewController.h; sourceTree = "<group>"; };
		6503191D1B7356E5003C8B2F /* CustomViewController.m */ = {isa = PBXFileReference; fileEncoding = 4; lastKnownFileType = sourcecode.c.objc; path = CustomViewController.m; sourceTree = "<group>"; };
		652973F11B9DAE990074A3F3 /* LeisureViewController.h */ = {isa = PBXFileReference; fileEncoding = 4; lastKnownFileType = sourcecode.c.h; path = LeisureViewController.h; sourceTree = "<group>"; };
		652973F21B9DAE990074A3F3 /* LeisureViewController.m */ = {isa = PBXFileReference; fileEncoding = 4; lastKnownFileType = sourcecode.c.objc; path = LeisureViewController.m; sourceTree = "<group>"; };
		652973F41B9DB1C70074A3F3 /* ReadViewController.h */ = {isa = PBXFileReference; fileEncoding = 4; lastKnownFileType = sourcecode.c.h; path = ReadViewController.h; sourceTree = "<group>"; };
		652973F51B9DB1C70074A3F3 /* ReadViewController.m */ = {isa = PBXFileReference; fileEncoding = 4; lastKnownFileType = sourcecode.c.objc; path = ReadViewController.m; sourceTree = "<group>"; };
		652973F71B9DB20A0074A3F3 /* ShoppingViewController.h */ = {isa = PBXFileReference; fileEncoding = 4; lastKnownFileType = sourcecode.c.h; path = ShoppingViewController.h; sourceTree = "<group>"; };
		652973F81B9DB20A0074A3F3 /* ShoppingViewController.m */ = {isa = PBXFileReference; fileEncoding = 4; lastKnownFileType = sourcecode.c.objc; path = ShoppingViewController.m; sourceTree = "<group>"; };
		652973FA1B9DB2280074A3F3 /* MovieViewController.h */ = {isa = PBXFileReference; fileEncoding = 4; lastKnownFileType = sourcecode.c.h; path = MovieViewController.h; sourceTree = "<group>"; };
		652973FB1B9DB2280074A3F3 /* MovieViewController.m */ = {isa = PBXFileReference; fileEncoding = 4; lastKnownFileType = sourcecode.c.objc; path = MovieViewController.m; sourceTree = "<group>"; };
		652973FE1B9EF3680074A3F3 /* ChatViewController.h */ = {isa = PBXFileReference; fileEncoding = 4; lastKnownFileType = sourcecode.c.h; path = ChatViewController.h; sourceTree = "<group>"; };
		652973FF1B9EF3680074A3F3 /* ChatViewController.m */ = {isa = PBXFileReference; fileEncoding = 4; lastKnownFileType = sourcecode.c.objc; path = ChatViewController.m; sourceTree = "<group>"; };
		652974011B9EF3CB0074A3F3 /* MessageModel.h */ = {isa = PBXFileReference; fileEncoding = 4; lastKnownFileType = sourcecode.c.h; path = MessageModel.h; sourceTree = "<group>"; };
		652974021B9EF3CB0074A3F3 /* MessageModel.m */ = {isa = PBXFileReference; fileEncoding = 4; lastKnownFileType = sourcecode.c.objc; path = MessageModel.m; sourceTree = "<group>"; };
		652974031B9EF3CB0074A3F3 /* MessageFrameModel.h */ = {isa = PBXFileReference; fileEncoding = 4; lastKnownFileType = sourcecode.c.h; path = MessageFrameModel.h; sourceTree = "<group>"; };
		652974041B9EF3CB0074A3F3 /* MessageFrameModel.m */ = {isa = PBXFileReference; fileEncoding = 4; lastKnownFileType = sourcecode.c.objc; path = MessageFrameModel.m; sourceTree = "<group>"; };
		652974051B9EF3CB0074A3F3 /* Constant.h */ = {isa = PBXFileReference; fileEncoding = 4; lastKnownFileType = sourcecode.c.h; path = Constant.h; sourceTree = "<group>"; };
		652974061B9EF3CB0074A3F3 /* MessageCell.h */ = {isa = PBXFileReference; fileEncoding = 4; lastKnownFileType = sourcecode.c.h; path = MessageCell.h; sourceTree = "<group>"; };
		652974071B9EF3CB0074A3F3 /* MessageCell.m */ = {isa = PBXFileReference; fileEncoding = 4; lastKnownFileType = sourcecode.c.objc; path = MessageCell.m; sourceTree = "<group>"; };
		652974081B9EF3CB0074A3F3 /* UIImage+ResizImage.h */ = {isa = PBXFileReference; fileEncoding = 4; lastKnownFileType = sourcecode.c.h; path = "UIImage+ResizImage.h"; sourceTree = "<group>"; };
		652974091B9EF3CB0074A3F3 /* UIImage+ResizImage.m */ = {isa = PBXFileReference; fileEncoding = 4; lastKnownFileType = sourcecode.c.objc; path = "UIImage+ResizImage.m"; sourceTree = "<group>"; };
		652AB3A71B6B91B5009C3866 /* MeViewController.h */ = {isa = PBXFileReference; fileEncoding = 4; lastKnownFileType = sourcecode.c.h; path = MeViewController.h; sourceTree = "<group>"; };
		652AB3A81B6B91B5009C3866 /* MeViewController.m */ = {isa = PBXFileReference; fileEncoding = 4; lastKnownFileType = sourcecode.c.objc; path = MeViewController.m; sourceTree = "<group>"; };
		652AB3AA1B6B9788009C3866 /* ProfileViewController.h */ = {isa = PBXFileReference; fileEncoding = 4; lastKnownFileType = sourcecode.c.h; path = ProfileViewController.h; sourceTree = "<group>"; };
		652AB3AB1B6B9788009C3866 /* ProfileViewController.m */ = {isa = PBXFileReference; fileEncoding = 4; lastKnownFileType = sourcecode.c.objc; path = ProfileViewController.m; sourceTree = "<group>"; };
		652AB3AD1B6C8D02009C3866 /* EditProfileViewController.h */ = {isa = PBXFileReference; fileEncoding = 4; lastKnownFileType = sourcecode.c.h; path = EditProfileViewController.h; sourceTree = "<group>"; };
		652AB3AE1B6C8D02009C3866 /* EditProfileViewController.m */ = {isa = PBXFileReference; fileEncoding = 4; lastKnownFileType = sourcecode.c.objc; path = EditProfileViewController.m; sourceTree = "<group>"; };
		6541C77D1CAA9DDB0054DCF6 /* UIColor+Hash.h */ = {isa = PBXFileReference; fileEncoding = 4; lastKnownFileType = sourcecode.c.h; path = "UIColor+Hash.h"; sourceTree = "<group>"; };
		6541C77E1CAA9DDB0054DCF6 /* UIColor+Hash.m */ = {isa = PBXFileReference; fileEncoding = 4; lastKnownFileType = sourcecode.c.objc; path = "UIColor+Hash.m"; sourceTree = "<group>"; };
		65519AA21B689A000046D5CA /* SetColorViewController.h */ = {isa = PBXFileReference; fileEncoding = 4; lastKnownFileType = sourcecode.c.h; path = SetColorViewController.h; sourceTree = "<group>"; };
		65519AA31B689A000046D5CA /* SetColorViewController.m */ = {isa = PBXFileReference; fileEncoding = 4; lastKnownFileType = sourcecode.c.objc; path = SetColorViewController.m; sourceTree = "<group>"; };
		65519AE41B69CB5F0046D5CA /* Images.xcassets */ = {isa = PBXFileReference; lastKnownFileType = folder.assetcatalog; path = Images.xcassets; sourceTree = "<group>"; };
		656D16621B9EF98D00EBA799 /* messages.plist */ = {isa = PBXFileReference; fileEncoding = 4; lastKnownFileType = text.plist.xml; path = messages.plist; sourceTree = "<group>"; };
		657360391B6F4DDE008C7E40 /* CollectionViewController.h */ = {isa = PBXFileReference; fileEncoding = 4; lastKnownFileType = sourcecode.c.h; path = CollectionViewController.h; sourceTree = "<group>"; };
		6573603A1B6F4DDE008C7E40 /* CollectionViewController.m */ = {isa = PBXFileReference; fileEncoding = 4; lastKnownFileType = sourcecode.c.objc; path = CollectionViewController.m; sourceTree = "<group>"; };
		657360881B7043FE008C7E40 /* CollectionViewCell.h */ = {isa = PBXFileReference; fileEncoding = 4; lastKnownFileType = sourcecode.c.h; path = CollectionViewCell.h; sourceTree = "<group>"; };
		657360891B7043FE008C7E40 /* CollectionViewCell.m */ = {isa = PBXFileReference; fileEncoding = 4; lastKnownFileType = sourcecode.c.objc; path = CollectionViewCell.m; sourceTree = "<group>"; };
		657361511B70764F008C7E40 /* colors_pantone.plist */ = {isa = PBXFileReference; fileEncoding = 4; lastKnownFileType = text.plist.xml; path = colors_pantone.plist; sourceTree = "<group>"; };
		65A844771B749BAE00DCF528 /* CollectViewController.h */ = {isa = PBXFileReference; fileEncoding = 4; lastKnownFileType = sourcecode.c.h; path = CollectViewController.h; sourceTree = "<group>"; };
		65A844781B749BAE00DCF528 /* CollectViewController.m */ = {isa = PBXFileReference; fileEncoding = 4; lastKnownFileType = sourcecode.c.objc; path = CollectViewController.m; sourceTree = "<group>"; };
		65DDE1FD1B678122001F322A /* DetailViewController.h */ = {isa = PBXFileReference; fileEncoding = 4; lastKnownFileType = sourcecode.c.h; path = DetailViewController.h; sourceTree = "<group>"; };
		65DDE1FE1B678122001F322A /* DetailViewController.m */ = {isa = PBXFileReference; fileEncoding = 4; lastKnownFileType = sourcecode.c.objc; path = DetailViewController.m; sourceTree = "<group>"; };
		65DDE2041B687C7B001F322A /* DetailViewController.xib */ = {isa = PBXFileReference; fileEncoding = 4; lastKnownFileType = file.xib; path = DetailViewController.xib; sourceTree = "<group>"; };
		65F086EF1B65F552000CBB4D /* 语音备忘录.app */ = {isa = PBXFileReference; explicitFileType = wrapper.application; includeInIndex = 0; path = "语音备忘录.app"; sourceTree = BUILT_PRODUCTS_DIR; };
		65F086F31B65F552000CBB4D /* Info.plist */ = {isa = PBXFileReference; lastKnownFileType = text.plist.xml; path = Info.plist; sourceTree = "<group>"; };
		65F086F41B65F552000CBB4D /* main.m */ = {isa = PBXFileReference; lastKnownFileType = sourcecode.c.objc; path = main.m; sourceTree = "<group>"; };
		65F086F61B65F552000CBB4D /* AppDelegate.h */ = {isa = PBXFileReference; lastKnownFileType = sourcecode.c.h; path = AppDelegate.h; sourceTree = "<group>"; };
		65F086F71B65F552000CBB4D /* AppDelegate.m */ = {isa = PBXFileReference; lastKnownFileType = sourcecode.c.objc; path = AppDelegate.m; sourceTree = "<group>"; };
		65F086FD1B65F552000CBB4D /* Base */ = {isa = PBXFileReference; lastKnownFileType = file.storyboard; name = Base; path = Base.lproj/Main.storyboard; sourceTree = "<group>"; };
		65F087021B65F552000CBB4D /* Base */ = {isa = PBXFileReference; lastKnownFileType = file.xib; name = Base; path = Base.lproj/LaunchScreen.xib; sourceTree = "<group>"; };
		65F087081B65F552000CBB4D /* 语音识别备忘录Tests.xctest */ = {isa = PBXFileReference; explicitFileType = wrapper.cfbundle; includeInIndex = 0; path = "语音识别备忘录Tests.xctest"; sourceTree = BUILT_PRODUCTS_DIR; };
		65F0870D1B65F552000CBB4D /* Info.plist */ = {isa = PBXFileReference; lastKnownFileType = text.plist.xml; path = Info.plist; sourceTree = "<group>"; };
		65F0870E1B65F553000CBB4D /* _______Tests.m */ = {isa = PBXFileReference; lastKnownFileType = sourcecode.c.objc; path = "_______Tests.m"; sourceTree = "<group>"; };
		65F0873F1B66154C000CBB4D /* MainViewController.h */ = {isa = PBXFileReference; fileEncoding = 4; lastKnownFileType = sourcecode.c.h; path = MainViewController.h; sourceTree = "<group>"; };
		65F087401B66154C000CBB4D /* MainViewController.m */ = {isa = PBXFileReference; fileEncoding = 4; lastKnownFileType = sourcecode.c.objc; path = MainViewController.m; sourceTree = "<group>"; };
		65F087421B662E8F000CBB4D /* AddNoteViewController.h */ = {isa = PBXFileReference; fileEncoding = 4; lastKnownFileType = sourcecode.c.h; path = AddNoteViewController.h; sourceTree = "<group>"; };
		65F087431B662E8F000CBB4D /* AddNoteViewController.m */ = {isa = PBXFileReference; fileEncoding = 4; lastKnownFileType = sourcecode.c.objc; path = AddNoteViewController.m; sourceTree = "<group>"; };
		65F087471B671BE4000CBB4D /* libz.dylib */ = {isa = PBXFileReference; lastKnownFileType = "compiled.mach-o.dylib"; name = libz.dylib; path = usr/lib/libz.dylib; sourceTree = SDKROOT; };
		65F087491B671BFC000CBB4D /* CoreGraphics.framework */ = {isa = PBXFileReference; lastKnownFileType = wrapper.framework; name = CoreGraphics.framework; path = System/Library/Frameworks/CoreGraphics.framework; sourceTree = SDKROOT; };
		65F0874B1B671C05000CBB4D /* Foundation.framework */ = {isa = PBXFileReference; lastKnownFileType = wrapper.framework; name = Foundation.framework; path = System/Library/Frameworks/Foundation.framework; sourceTree = SDKROOT; };
		65F0874D1B671C0B000CBB4D /* UIKit.framework */ = {isa = PBXFileReference; lastKnownFileType = wrapper.framework; name = UIKit.framework; path = System/Library/Frameworks/UIKit.framework; sourceTree = SDKROOT; };
		65F0874F1B671C14000CBB4D /* QuartzCore.framework */ = {isa = PBXFileReference; lastKnownFileType = wrapper.framework; name = QuartzCore.framework; path = System/Library/Frameworks/QuartzCore.framework; sourceTree = SDKROOT; };
		65F087511B671C1F000CBB4D /* SystemConfiguration.framework */ = {isa = PBXFileReference; lastKnownFileType = wrapper.framework; name = SystemConfiguration.framework; path = System/Library/Frameworks/SystemConfiguration.framework; sourceTree = SDKROOT; };
		65F087531B671C28000CBB4D /* AudioToolbox.framework */ = {isa = PBXFileReference; lastKnownFileType = wrapper.framework; name = AudioToolbox.framework; path = System/Library/Frameworks/AudioToolbox.framework; sourceTree = SDKROOT; };
		65F087551B671C31000CBB4D /* AddressBook.framework */ = {isa = PBXFileReference; lastKnownFileType = wrapper.framework; name = AddressBook.framework; path = System/Library/Frameworks/AddressBook.framework; sourceTree = SDKROOT; };
		65F087571B671C39000CBB4D /* AVFoundation.framework */ = {isa = PBXFileReference; lastKnownFileType = wrapper.framework; name = AVFoundation.framework; path = System/Library/Frameworks/AVFoundation.framework; sourceTree = SDKROOT; };
		65F087591B671C49000CBB4D /* CoreLocation.framework */ = {isa = PBXFileReference; lastKnownFileType = wrapper.framework; name = CoreLocation.framework; path = System/Library/Frameworks/CoreLocation.framework; sourceTree = SDKROOT; };
		65F0875B1B671C5D000CBB4D /* CoreTelephony.framework */ = {isa = PBXFileReference; lastKnownFileType = wrapper.framework; name = CoreTelephony.framework; path = System/Library/Frameworks/CoreTelephony.framework; sourceTree = SDKROOT; };
		65F0875D1B671C7F000CBB4D /* iflyMSC.framework */ = {isa = PBXFileReference; lastKnownFileType = wrapper.framework; path = iflyMSC.framework; sourceTree = "<group>"; };
		65F0875F1B671EA3000CBB4D /* Definition.h */ = {isa = PBXFileReference; fileEncoding = 4; lastKnownFileType = sourcecode.c.h; path = Definition.h; sourceTree = "<group>"; };
		65F087631B671F92000CBB4D /* PopupView.h */ = {isa = PBXFileReference; fileEncoding = 4; lastKnownFileType = sourcecode.c.h; path = PopupView.h; sourceTree = "<group>"; };
		65F087641B671F92000CBB4D /* PopupView.m */ = {isa = PBXFileReference; fileEncoding = 4; lastKnownFileType = sourcecode.c.objc; path = PopupView.m; sourceTree = "<group>"; };
/* End PBXFileReference section */

/* Begin PBXFrameworksBuildPhase section */
		65F086EC1B65F552000CBB4D /* Frameworks */ = {
			isa = PBXFrameworksBuildPhase;
			buildActionMask = 2147483647;
			files = (
				65F0875E1B671C7F000CBB4D /* iflyMSC.framework in Frameworks */,
				65F0875C1B671C5D000CBB4D /* CoreTelephony.framework in Frameworks */,
				65F0875A1B671C49000CBB4D /* CoreLocation.framework in Frameworks */,
				65F087581B671C39000CBB4D /* AVFoundation.framework in Frameworks */,
				65F087561B671C31000CBB4D /* AddressBook.framework in Frameworks */,
				65F087541B671C28000CBB4D /* AudioToolbox.framework in Frameworks */,
				65F087521B671C1F000CBB4D /* SystemConfiguration.framework in Frameworks */,
				65F087501B671C14000CBB4D /* QuartzCore.framework in Frameworks */,
				65F0874E1B671C0B000CBB4D /* UIKit.framework in Frameworks */,
				65F0874C1B671C05000CBB4D /* Foundation.framework in Frameworks */,
				65F0874A1B671BFC000CBB4D /* CoreGraphics.framework in Frameworks */,
				65F087481B671BE4000CBB4D /* libz.dylib in Frameworks */,
			);
			runOnlyForDeploymentPostprocessing = 0;
		};
		65F087051B65F552000CBB4D /* Frameworks */ = {
			isa = PBXFrameworksBuildPhase;
			buildActionMask = 2147483647;
			files = (
			);
			runOnlyForDeploymentPostprocessing = 0;
		};
/* End PBXFrameworksBuildPhase section */

/* Begin PBXGroup section */
		6503186F1B71C048003C8B2F /* Fall */ = {
			isa = PBXGroup;
			children = (
				652973FD1B9EEBD00074A3F3 /* Chat */,
				652973F01B9DAE660074A3F3 /* Items */,
				657360881B7043FE008C7E40 /* CollectionViewCell.h */,
				657360891B7043FE008C7E40 /* CollectionViewCell.m */,
				6503186C1B71C015003C8B2F /* FallViewController.h */,
				6503186D1B71C015003C8B2F /* FallViewController.m */,
			);
			name = Fall;
			sourceTree = "<group>";
		};
		650318701B71E900003C8B2F /* Setting */ = {
			isa = PBXGroup;
			children = (
				650318711B71E91D003C8B2F /* SettingViewController.h */,
				650318721B71E91D003C8B2F /* SettingViewController.m */,
			);
			name = Setting;
			sourceTree = "<group>";
		};
		6503187C1B72F9EC003C8B2F /* Wallpaper */ = {
			isa = PBXGroup;
			children = (
				6503187D1B72FBDB003C8B2F /* WallpaperViewController.h */,
				6503187E1B72FBDB003C8B2F /* WallpaperViewController.m */,
			);
			name = Wallpaper;
			sourceTree = "<group>";
		};
		650318FA1B7336F4003C8B2F /* Scroll */ = {
			isa = PBXGroup;
			children = (
				650318FB1B733735003C8B2F /* CycleViewController.h */,
				650318FC1B733735003C8B2F /* CycleViewController.m */,
				650319011B73399A003C8B2F /* NSTimer+Foundation.h */,
				650319021B73399A003C8B2F /* NSTimer+Foundation.m */,
				6503191C1B7356E5003C8B2F /* CustomViewController.h */,
				6503191D1B7356E5003C8B2F /* CustomViewController.m */,
			);
			name = Scroll;
			sourceTree = "<group>";
		};
		652973F01B9DAE660074A3F3 /* Items */ = {
			isa = PBXGroup;
			children = (
				652973F11B9DAE990074A3F3 /* LeisureViewController.h */,
				652973F21B9DAE990074A3F3 /* LeisureViewController.m */,
				652973F41B9DB1C70074A3F3 /* ReadViewController.h */,
				652973F51B9DB1C70074A3F3 /* ReadViewController.m */,
				652973F71B9DB20A0074A3F3 /* ShoppingViewController.h */,
				652973F81B9DB20A0074A3F3 /* ShoppingViewController.m */,
				652973FA1B9DB2280074A3F3 /* MovieViewController.h */,
				652973FB1B9DB2280074A3F3 /* MovieViewController.m */,
			);
			name = Items;
			sourceTree = "<group>";
		};
		652973FD1B9EEBD00074A3F3 /* Chat */ = {
			isa = PBXGroup;
			children = (
				652974011B9EF3CB0074A3F3 /* MessageModel.h */,
				652974021B9EF3CB0074A3F3 /* MessageModel.m */,
				652974031B9EF3CB0074A3F3 /* MessageFrameModel.h */,
				652974041B9EF3CB0074A3F3 /* MessageFrameModel.m */,
				652974051B9EF3CB0074A3F3 /* Constant.h */,
				652974061B9EF3CB0074A3F3 /* MessageCell.h */,
				652974071B9EF3CB0074A3F3 /* MessageCell.m */,
				652974081B9EF3CB0074A3F3 /* UIImage+ResizImage.h */,
				652974091B9EF3CB0074A3F3 /* UIImage+ResizImage.m */,
				652973FE1B9EF3680074A3F3 /* ChatViewController.h */,
				652973FF1B9EF3680074A3F3 /* ChatViewController.m */,
			);
			name = Chat;
			sourceTree = "<group>";
		};
		652AB40C1B6DCD2F009C3866 /* Controllers  */ = {
			isa = PBXGroup;
			children = (
				657360351B6F4D17008C7E40 /* Skin */,
				652AB4101B6DCEBF009C3866 /* Main */,
				652AB40F1B6DCE84009C3866 /* Me */,
				652AB4111B6DCEF4009C3866 /* Other */,
			);
			name = "Controllers ";
			sourceTree = "<group>";
		};
		652AB40D1B6DCD49009C3866 /* Other */ = {
			isa = PBXGroup;
			children = (
				65F0875F1B671EA3000CBB4D /* Definition.h */,
				65F086F61B65F552000CBB4D /* AppDelegate.h */,
				65F086F71B65F552000CBB4D /* AppDelegate.m */,
				6541C77D1CAA9DDB0054DCF6 /* UIColor+Hash.h */,
				6541C77E1CAA9DDB0054DCF6 /* UIColor+Hash.m */,
			);
			name = Other;
			sourceTree = "<group>";
		};
		652AB40E1B6DCD66009C3866 /* Views */ = {
			isa = PBXGroup;
			children = (
				65F087631B671F92000CBB4D /* PopupView.h */,
				65F087641B671F92000CBB4D /* PopupView.m */,
				650318FE1B7338B3003C8B2F /* CycleScrollView.h */,
				650318FF1B7338B3003C8B2F /* CycleScrollView.m */,
			);
			name = Views;
			sourceTree = "<group>";
		};
		652AB40F1B6DCE84009C3866 /* Me */ = {
			isa = PBXGroup;
			children = (
				65A8447A1B749BC000DCF528 /* Collection */,
				650318FA1B7336F4003C8B2F /* Scroll */,
				6503187C1B72F9EC003C8B2F /* Wallpaper */,
				650318701B71E900003C8B2F /* Setting */,
				6503186F1B71C048003C8B2F /* Fall */,
				652AB3AA1B6B9788009C3866 /* ProfileViewController.h */,
				652AB3AB1B6B9788009C3866 /* ProfileViewController.m */,
				652AB3A71B6B91B5009C3866 /* MeViewController.h */,
				652AB3A81B6B91B5009C3866 /* MeViewController.m */,
				652AB3AD1B6C8D02009C3866 /* EditProfileViewController.h */,
				652AB3AE1B6C8D02009C3866 /* EditProfileViewController.m */,
			);
			name = Me;
			sourceTree = "<group>";
		};
		652AB4101B6DCEBF009C3866 /* Main */ = {
			isa = PBXGroup;
			children = (
				65F087421B662E8F000CBB4D /* AddNoteViewController.h */,
				65F087431B662E8F000CBB4D /* AddNoteViewController.m */,
				65F0873F1B66154C000CBB4D /* MainViewController.h */,
				65F087401B66154C000CBB4D /* MainViewController.m */,
				65DDE1FD1B678122001F322A /* DetailViewController.h */,
				65DDE1FE1B678122001F322A /* DetailViewController.m */,
				65DDE2041B687C7B001F322A /* DetailViewController.xib */,
			);
			name = Main;
			sourceTree = "<group>";
		};
		652AB4111B6DCEF4009C3866 /* Other */ = {
			isa = PBXGroup;
			children = (
				65519AA21B689A000046D5CA /* SetColorViewController.h */,
				65519AA31B689A000046D5CA /* SetColorViewController.m */,
			);
			name = Other;
			sourceTree = "<group>";
		};
		652AB4121B6DCF18009C3866 /* Model */ = {
			isa = PBXGroup;
			children = (
			);
			name = Model;
			sourceTree = "<group>";
		};
		657360351B6F4D17008C7E40 /* Skin */ = {
			isa = PBXGroup;
			children = (
				657360391B6F4DDE008C7E40 /* CollectionViewController.h */,
				6573603A1B6F4DDE008C7E40 /* CollectionViewController.m */,
			);
			name = Skin;
			sourceTree = "<group>";
		};
		65A8447A1B749BC000DCF528 /* Collection */ = {
			isa = PBXGroup;
			children = (
				65A844771B749BAE00DCF528 /* CollectViewController.h */,
				65A844781B749BAE00DCF528 /* CollectViewController.m */,
			);
			name = Collection;
			sourceTree = "<group>";
		};
		65F086E61B65F552000CBB4D = {
			isa = PBXGroup;
			children = (
				65F087181B660DEA000CBB4D /* Resource */,
				65F086F11B65F552000CBB4D /* 语音识别备忘录 */,
				65F0870B1B65F552000CBB4D /* 语音识别备忘录Tests */,
				65F086F01B65F552000CBB4D /* Products */,
			);
			sourceTree = "<group>";
		};
		65F086F01B65F552000CBB4D /* Products */ = {
			isa = PBXGroup;
			children = (
				65F086EF1B65F552000CBB4D /* 语音备忘录.app */,
				65F087081B65F552000CBB4D /* 语音识别备忘录Tests.xctest */,
			);
			name = Products;
			sourceTree = "<group>";
		};
		65F086F11B65F552000CBB4D /* 语音识别备忘录 */ = {
			isa = PBXGroup;
			children = (
				652AB4121B6DCF18009C3866 /* Model */,
				652AB40E1B6DCD66009C3866 /* Views */,
				652AB40C1B6DCD2F009C3866 /* Controllers  */,
				652AB40D1B6DCD49009C3866 /* Other */,
				65F087011B65F552000CBB4D /* LaunchScreen.xib */,
				65F086FC1B65F552000CBB4D /* Main.storyboard */,
				65F086F21B65F552000CBB4D /* Supporting Files */,
			);
			path = "语音识别备忘录";
			sourceTree = "<group>";
		};
		65F086F21B65F552000CBB4D /* Supporting Files */ = {
			isa = PBXGroup;
			children = (
				656D16621B9EF98D00EBA799 /* messages.plist */,
				65519AE41B69CB5F0046D5CA /* Images.xcassets */,
				657361511B70764F008C7E40 /* colors_pantone.plist */,
				65F086F31B65F552000CBB4D /* Info.plist */,
				65F086F41B65F552000CBB4D /* main.m */,
			);
			name = "Supporting Files";
			sourceTree = "<group>";
		};
		65F0870B1B65F552000CBB4D /* 语音识别备忘录Tests */ = {
			isa = PBXGroup;
			children = (
				65F0870E1B65F553000CBB4D /* _______Tests.m */,
				65F0870C1B65F552000CBB4D /* Supporting Files */,
			);
			path = "语音识别备忘录Tests";
			sourceTree = "<group>";
		};
		65F0870C1B65F552000CBB4D /* Supporting Files */ = {
			isa = PBXGroup;
			children = (
				65F0870D1B65F552000CBB4D /* Info.plist */,
			);
			name = "Supporting Files";
			sourceTree = "<group>";
		};
		65F087181B660DEA000CBB4D /* Resource */ = {
			isa = PBXGroup;
			children = (
				65F087461B671BC5000CBB4D /* Frameworks */,
			);
			name = Resource;
			sourceTree = "<group>";
		};
		65F087461B671BC5000CBB4D /* Frameworks */ = {
			isa = PBXGroup;
			children = (
				65F0875D1B671C7F000CBB4D /* iflyMSC.framework */,
				65F0875B1B671C5D000CBB4D /* CoreTelephony.framework */,
				65F087591B671C49000CBB4D /* CoreLocation.framework */,
				65F087571B671C39000CBB4D /* AVFoundation.framework */,
				65F087551B671C31000CBB4D /* AddressBook.framework */,
				65F087531B671C28000CBB4D /* AudioToolbox.framework */,
				65F087511B671C1F000CBB4D /* SystemConfiguration.framework */,
				65F0874F1B671C14000CBB4D /* QuartzCore.framework */,
				65F0874D1B671C0B000CBB4D /* UIKit.framework */,
				65F0874B1B671C05000CBB4D /* Foundation.framework */,
				65F087491B671BFC000CBB4D /* CoreGraphics.framework */,
				65F087471B671BE4000CBB4D /* libz.dylib */,
			);
			name = Frameworks;
			sourceTree = "<group>";
		};
/* End PBXGroup section */

/* Begin PBXNativeTarget section */
		65F086EE1B65F552000CBB4D /* 语音识别备忘录 */ = {
			isa = PBXNativeTarget;
			buildConfigurationList = 65F087121B65F553000CBB4D /* Build configuration list for PBXNativeTarget "语音识别备忘录" */;
			buildPhases = (
				65F086EB1B65F552000CBB4D /* Sources */,
				65F086EC1B65F552000CBB4D /* Frameworks */,
				65F086ED1B65F552000CBB4D /* Resources */,
			);
			buildRules = (
			);
			dependencies = (
			);
			name = "语音识别备忘录";
			productName = "语音识别备忘录";
			productReference = 65F086EF1B65F552000CBB4D /* 语音备忘录.app */;
			productType = "com.apple.product-type.application";
		};
		65F087071B65F552000CBB4D /* 语音识别备忘录Tests */ = {
			isa = PBXNativeTarget;
			buildConfigurationList = 65F087151B65F553000CBB4D /* Build configuration list for PBXNativeTarget "语音识别备忘录Tests" */;
			buildPhases = (
				65F087041B65F552000CBB4D /* Sources */,
				65F087051B65F552000CBB4D /* Frameworks */,
				65F087061B65F552000CBB4D /* Resources */,
			);
			buildRules = (
			);
			dependencies = (
				65F0870A1B65F552000CBB4D /* PBXTargetDependency */,
			);
			name = "语音识别备忘录Tests";
			productName = "语音识别备忘录Tests";
			productReference = 65F087081B65F552000CBB4D /* 语音识别备忘录Tests.xctest */;
			productType = "com.apple.product-type.bundle.unit-test";
		};
/* End PBXNativeTarget section */

/* Begin PBXProject section */
		65F086E71B65F552000CBB4D /* Project object */ = {
			isa = PBXProject;
			attributes = {
				LastUpgradeCheck = 0610;
				ORGANIZATIONNAME = Fay;
				TargetAttributes = {
					65F086EE1B65F552000CBB4D = {
						CreatedOnToolsVersion = 6.1;
						DevelopmentTeam = NRZG3Z79NX;
					};
					65F087071B65F552000CBB4D = {
						CreatedOnToolsVersion = 6.1;
						TestTargetID = 65F086EE1B65F552000CBB4D;
					};
				};
			};
			buildConfigurationList = 65F086EA1B65F552000CBB4D /* Build configuration list for PBXProject "语音识别备忘录" */;
			compatibilityVersion = "Xcode 3.2";
			developmentRegion = English;
			hasScannedForEncodings = 0;
			knownRegions = (
				en,
				Base,
			);
			mainGroup = 65F086E61B65F552000CBB4D;
			productRefGroup = 65F086F01B65F552000CBB4D /* Products */;
			projectDirPath = "";
			projectRoot = "";
			targets = (
				65F086EE1B65F552000CBB4D /* 语音识别备忘录 */,
				65F087071B65F552000CBB4D /* 语音识别备忘录Tests */,
			);
		};
/* End PBXProject section */

/* Begin PBXResourcesBuildPhase section */
		65F086ED1B65F552000CBB4D /* Resources */ = {
			isa = PBXResourcesBuildPhase;
			buildActionMask = 2147483647;
			files = (
				65519AE51B69CB5F0046D5CA /* Images.xcassets in Resources */,
				65F086FE1B65F552000CBB4D /* Main.storyboard in Resources */,
				65F087031B65F552000CBB4D /* LaunchScreen.xib in Resources */,
				656D16631B9EF98D00EBA799 /* messages.plist in Resources */,
				65DDE2051B687C7B001F322A /* DetailViewController.xib in Resources */,
				657361521B70764F008C7E40 /* colors_pantone.plist in Resources */,
			);
			runOnlyForDeploymentPostprocessing = 0;
		};
		65F087061B65F552000CBB4D /* Resources */ = {
			isa = PBXResourcesBuildPhase;
			buildActionMask = 2147483647;
			files = (
			);
			runOnlyForDeploymentPostprocessing = 0;
		};
/* End PBXResourcesBuildPhase section */

/* Begin PBXSourcesBuildPhase section */
		65F086EB1B65F552000CBB4D /* Sources */ = {
			isa = PBXSourcesBuildPhase;
			buildActionMask = 2147483647;
			files = (
				65F087441B662E8F000CBB4D /* AddNoteViewController.m in Sources */,
				6529740D1B9EF3CB0074A3F3 /* UIImage+ResizImage.m in Sources */,
				650319001B7338B3003C8B2F /* CycleScrollView.m in Sources */,
				652AB3AC1B6B9788009C3866 /* ProfileViewController.m in Sources */,
				6503186E1B71C015003C8B2F /* FallViewController.m in Sources */,
				6503191E1B7356E5003C8B2F /* CustomViewController.m in Sources */,
				6529740C1B9EF3CB0074A3F3 /* MessageCell.m in Sources */,
				650318731B71E91D003C8B2F /* SettingViewController.m in Sources */,
				652AB3AF1B6C8D02009C3866 /* EditProfileViewController.m in Sources */,
				6541C77F1CAA9DDB0054DCF6 /* UIColor+Hash.m in Sources */,
				652973FC1B9DB2280074A3F3 /* MovieViewController.m in Sources */,
				65A844791B749BAE00DCF528 /* CollectViewController.m in Sources */,
				65519AA41B689A000046D5CA /* SetColorViewController.m in Sources */,
				65F086F81B65F552000CBB4D /* AppDelegate.m in Sources */,
				652973F31B9DAE990074A3F3 /* LeisureViewController.m in Sources */,
				6503187F1B72FBDB003C8B2F /* WallpaperViewController.m in Sources */,
				65F087411B66154C000CBB4D /* MainViewController.m in Sources */,
				65F086F51B65F552000CBB4D /* main.m in Sources */,
				65F087651B671F92000CBB4D /* PopupView.m in Sources */,
				6573603B1B6F4DDE008C7E40 /* CollectionViewController.m in Sources */,
				652973F61B9DB1C70074A3F3 /* ReadViewController.m in Sources */,
				6529740B1B9EF3CB0074A3F3 /* MessageFrameModel.m in Sources */,
				652AB3A91B6B91B5009C3866 /* MeViewController.m in Sources */,
				652973F91B9DB20A0074A3F3 /* ShoppingViewController.m in Sources */,
				6573608B1B7043FE008C7E40 /* CollectionViewCell.m in Sources */,
				6529740A1B9EF3CB0074A3F3 /* MessageModel.m in Sources */,
				65DDE1FF1B678122001F322A /* DetailViewController.m in Sources */,
				652974001B9EF3680074A3F3 /* ChatViewController.m in Sources */,
				650318FD1B733735003C8B2F /* CycleViewController.m in Sources */,
				650319031B73399A003C8B2F /* NSTimer+Foundation.m in Sources */,
			);
			runOnlyForDeploymentPostprocessing = 0;
		};
		65F087041B65F552000CBB4D /* Sources */ = {
			isa = PBXSourcesBuildPhase;
			buildActionMask = 2147483647;
			files = (
				65F0870F1B65F553000CBB4D /* _______Tests.m in Sources */,
			);
			runOnlyForDeploymentPostprocessing = 0;
		};
/* End PBXSourcesBuildPhase section */

/* Begin PBXTargetDependency section */
		65F0870A1B65F552000CBB4D /* PBXTargetDependency */ = {
			isa = PBXTargetDependency;
			target = 65F086EE1B65F552000CBB4D /* 语音识别备忘录 */;
			targetProxy = 65F087091B65F552000CBB4D /* PBXContainerItemProxy */;
		};
/* End PBXTargetDependency section */

/* Begin PBXVariantGroup section */
		65F086FC1B65F552000CBB4D /* Main.storyboard */ = {
			isa = PBXVariantGroup;
			children = (
				65F086FD1B65F552000CBB4D /* Base */,
			);
			name = Main.storyboard;
			sourceTree = "<group>";
		};
		65F087011B65F552000CBB4D /* LaunchScreen.xib */ = {
			isa = PBXVariantGroup;
			children = (
				65F087021B65F552000CBB4D /* Base */,
			);
			name = LaunchScreen.xib;
			sourceTree = "<group>";
		};
/* End PBXVariantGroup section */

/* Begin XCBuildConfiguration section */
		65F087101B65F553000CBB4D /* Debug */ = {
			isa = XCBuildConfiguration;
			buildSettings = {
				ALWAYS_SEARCH_USER_PATHS = NO;
				CLANG_CXX_LANGUAGE_STANDARD = "gnu++0x";
				CLANG_CXX_LIBRARY = "libc++";
				CLANG_ENABLE_MODULES = YES;
				CLANG_ENABLE_OBJC_ARC = YES;
				CLANG_WARN_BOOL_CONVERSION = YES;
				CLANG_WARN_CONSTANT_CONVERSION = YES;
				CLANG_WARN_DIRECT_OBJC_ISA_USAGE = YES_ERROR;
				CLANG_WARN_EMPTY_BODY = YES;
				CLANG_WARN_ENUM_CONVERSION = YES;
				CLANG_WARN_INT_CONVERSION = YES;
				CLANG_WARN_OBJC_ROOT_CLASS = YES_ERROR;
				CLANG_WARN_UNREACHABLE_CODE = YES;
				CLANG_WARN__DUPLICATE_METHOD_MATCH = YES;
				"CODE_SIGN_IDENTITY[sdk=iphoneos*]" = "iPhone Developer";
				COPY_PHASE_STRIP = NO;
				ENABLE_STRICT_OBJC_MSGSEND = YES;
				GCC_C_LANGUAGE_STANDARD = gnu99;
				GCC_DYNAMIC_NO_PIC = NO;
				GCC_OPTIMIZATION_LEVEL = 0;
				GCC_PREPROCESSOR_DEFINITIONS = (
					"DEBUG=1",
					"$(inherited)",
				);
				GCC_SYMBOLS_PRIVATE_EXTERN = NO;
				GCC_WARN_64_TO_32_BIT_CONVERSION = YES;
				GCC_WARN_ABOUT_RETURN_TYPE = YES_ERROR;
				GCC_WARN_UNDECLARED_SELECTOR = YES;
				GCC_WARN_UNINITIALIZED_AUTOS = YES_AGGRESSIVE;
				GCC_WARN_UNUSED_FUNCTION = YES;
				GCC_WARN_UNUSED_VARIABLE = YES;
				IPHONEOS_DEPLOYMENT_TARGET = 8.1;
				MTL_ENABLE_DEBUG_INFO = YES;
				ONLY_ACTIVE_ARCH = YES;
				SDKROOT = iphoneos;
			};
			name = Debug;
		};
		65F087111B65F553000CBB4D /* Release */ = {
			isa = XCBuildConfiguration;
			buildSettings = {
				ALWAYS_SEARCH_USER_PATHS = NO;
				CLANG_CXX_LANGUAGE_STANDARD = "gnu++0x";
				CLANG_CXX_LIBRARY = "libc++";
				CLANG_ENABLE_MODULES = YES;
				CLANG_ENABLE_OBJC_ARC = YES;
				CLANG_WARN_BOOL_CONVERSION = YES;
				CLANG_WARN_CONSTANT_CONVERSION = YES;
				CLANG_WARN_DIRECT_OBJC_ISA_USAGE = YES_ERROR;
				CLANG_WARN_EMPTY_BODY = YES;
				CLANG_WARN_ENUM_CONVERSION = YES;
				CLANG_WARN_INT_CONVERSION = YES;
				CLANG_WARN_OBJC_ROOT_CLASS = YES_ERROR;
				CLANG_WARN_UNREACHABLE_CODE = YES;
				CLANG_WARN__DUPLICATE_METHOD_MATCH = YES;
				"CODE_SIGN_IDENTITY[sdk=iphoneos*]" = "iPhone Developer";
				COPY_PHASE_STRIP = YES;
				ENABLE_NS_ASSERTIONS = NO;
				ENABLE_STRICT_OBJC_MSGSEND = YES;
				GCC_C_LANGUAGE_STANDARD = gnu99;
				GCC_WARN_64_TO_32_BIT_CONVERSION = YES;
				GCC_WARN_ABOUT_RETURN_TYPE = YES_ERROR;
				GCC_WARN_UNDECLARED_SELECTOR = YES;
				GCC_WARN_UNINITIALIZED_AUTOS = YES_AGGRESSIVE;
				GCC_WARN_UNUSED_FUNCTION = YES;
				GCC_WARN_UNUSED_VARIABLE = YES;
				IPHONEOS_DEPLOYMENT_TARGET = 8.1;
				MTL_ENABLE_DEBUG_INFO = NO;
				SDKROOT = iphoneos;
				VALIDATE_PRODUCT = YES;
			};
			name = Release;
		};
		65F087131B65F553000CBB4D /* Debug */ = {
			isa = XCBuildConfiguration;
			buildSettings = {
				ASSETCATALOG_COMPILER_APPICON_NAME = AppIcon;
				CODE_SIGN_IDENTITY = "iPhone Developer";
				ENABLE_BITCODE = NO;
				FRAMEWORK_SEARCH_PATHS = (
					"$(inherited)",
					"$(PROJECT_DIR)",
				);
				INFOPLIST_FILE = "语音识别备忘录/Info.plist";
				IPHONEOS_DEPLOYMENT_TARGET = 8.0;
				LD_RUNPATH_SEARCH_PATHS = "$(inherited) @executable_path/Frameworks";
				PRODUCT_BUNDLE_IDENTIFIER = "com.312.------";
				PRODUCT_NAME = "语音备忘录";
			};
			name = Debug;
		};
		65F087141B65F553000CBB4D /* Release */ = {
			isa = XCBuildConfiguration;
			buildSettings = {
				ASSETCATALOG_COMPILER_APPICON_NAME = AppIcon;
				CODE_SIGN_IDENTITY = "iPhone Developer";
				ENABLE_BITCODE = NO;
				FRAMEWORK_SEARCH_PATHS = (
					"$(inherited)",
					"$(PROJECT_DIR)",
				);
				INFOPLIST_FILE = "语音识别备忘录/Info.plist";
				IPHONEOS_DEPLOYMENT_TARGET = 8.0;
				LD_RUNPATH_SEARCH_PATHS = "$(inherited) @executable_path/Frameworks";
				PRODUCT_BUNDLE_IDENTIFIER = "com.312.------";
				PRODUCT_NAME = "语音备忘录";
			};
			name = Release;
		};
		65F087161B65F553000CBB4D /* Debug */ = {
			isa = XCBuildConfiguration;
			buildSettings = {
				BUNDLE_LOADER = "$(TEST_HOST)";
				FRAMEWORK_SEARCH_PATHS = (
					"$(SDKROOT)/Developer/Library/Frameworks",
					"$(inherited)",
				);
				GCC_PREPROCESSOR_DEFINITIONS = (
					"DEBUG=1",
					"$(inherited)",
				);
				INFOPLIST_FILE = "语音识别备忘录Tests/Info.plist";
				LD_RUNPATH_SEARCH_PATHS = "$(inherited) @executable_path/Frameworks @loader_path/Frameworks";
				PRODUCT_NAME = "$(TARGET_NAME)";
				TEST_HOST = "$(BUILT_PRODUCTS_DIR)/语音识别备忘录.app/语音识别备忘录";
			};
			name = Debug;
		};
		65F087171B65F553000CBB4D /* Release */ = {
			isa = XCBuildConfiguration;
			buildSettings = {
				BUNDLE_LOADER = "$(TEST_HOST)";
				FRAMEWORK_SEARCH_PATHS = (
					"$(SDKROOT)/Developer/Library/Frameworks",
					"$(inherited)",
				);
				INFOPLIST_FILE = "语音识别备忘录Tests/Info.plist";
				LD_RUNPATH_SEARCH_PATHS = "$(inherited) @executable_path/Frameworks @loader_path/Frameworks";
				PRODUCT_NAME = "$(TARGET_NAME)";
				TEST_HOST = "$(BUILT_PRODUCTS_DIR)/语音识别备忘录.app/语音识别备忘录";
			};
			name = Release;
		};
/* End XCBuildConfiguration section */

/* Begin XCConfigurationList section */
		65F086EA1B65F552000CBB4D /* Build configuration list for PBXProject "语音识别备忘录" */ = {
			isa = XCConfigurationList;
			buildConfigurations = (
				65F087101B65F553000CBB4D /* Debug */,
				65F087111B65F553000CBB4D /* Release */,
			);
			defaultConfigurationIsVisible = 0;
			defaultConfigurationName = Release;
		};
		65F087121B65F553000CBB4D /* Build configuration list for PBXNativeTarget "语音识别备忘录" */ = {
			isa = XCConfigurationList;
			buildConfigurations = (
				65F087131B65F553000CBB4D /* Debug */,
				65F087141B65F553000CBB4D /* Release */,
			);
			defaultConfigurationIsVisible = 0;
			defaultConfigurationName = Release;
		};
		65F087151B65F553000CBB4D /* Build configuration list for PBXNativeTarget "语音识别备忘录Tests" */ = {
			isa = XCConfigurationList;
			buildConfigurations = (
				65F087161B65F553000CBB4D /* Debug */,
				65F087171B65F553000CBB4D /* Release */,
			);
			defaultConfigurationIsVisible = 0;
			defaultConfigurationName = Release;
		};
/* End XCConfigurationList section */
	};
	rootObject = 65F086E71B65F552000CBB4D /* Project object */;
}
